
Microsoft Visual Studio Solution File, Format Version 12.00
# Visual Studio Version 17
VisualStudioVersion = 17.0.31903.59
MinimumVisualStudioVersion = 10.0.40219.1
Project("{2150E333-8FDC-42A3-9474-1A3956D46DE8}") = "src", "src", "{827E0CD3-B72D-47B6-A68D-7590B98EB39B}"
EndProject
Project("{FAE04EC0-301F-11D3-BF4B-00C04F79EFBC}") = "Helix", "src\Helix\Helix.csproj", "{61A5CD0F-0F53-4A47-94ED-0CB72B4BB769}"
EndProject
Project("{FAE04EC0-301F-11D3-BF4B-00C04F79EFBC}") = "Helix.Tests", "test\Helix.Tests\Helix.Tests.csproj", "{5864BA7A-6A07-4F02-9BF2-B329EF8715F5}"
EndProject
Global
	GlobalSection(SolutionConfigurationPlatforms) = preSolution
		Debug|Any CPU = Debug|Any CPU
		Debug|x64 = Debug|x64
		Debug|x86 = Debug|x86
		Release|Any CPU = Release|Any CPU
		Release|x64 = Release|x64
		Release|x86 = Release|x86
	EndGlobalSection
	GlobalSection(ProjectConfigurationPlatforms) = postSolution
		{61A5CD0F-0F53-4A47-94ED-0CB72B4BB769}.Debug|Any CPU.ActiveCfg = Debug|Any CPU
		{61A5CD0F-0F53-4A47-94ED-0CB72B4BB769}.Debug|Any CPU.Build.0 = Debug|Any CPU
		{61A5CD0F-0F53-4A47-94ED-0CB72B4BB769}.Debug|x64.ActiveCfg = Debug|Any CPU
		{61A5CD0F-0F53-4A47-94ED-0CB72B4BB769}.Debug|x64.Build.0 = Debug|Any CPU
		{61A5CD0F-0F53-4A47-94ED-0CB72B4BB769}.Debug|x86.ActiveCfg = Debug|Any CPU
		{61A5CD0F-0F53-4A47-94ED-0CB72B4BB769}.Debug|x86.Build.0 = Debug|Any CPU
		{61A5CD0F-0F53-4A47-94ED-0CB72B4BB769}.Release|Any CPU.ActiveCfg = Release|Any CPU
		{61A5CD0F-0F53-4A47-94ED-0CB72B4BB769}.Release|Any CPU.Build.0 = Release|Any CPU
		{61A5CD0F-0F53-4A47-94ED-0CB72B4BB769}.Release|x64.ActiveCfg = Release|Any CPU
		{61A5CD0F-0F53-4A47-94ED-0CB72B4BB769}.Release|x64.Build.0 = Release|Any CPU
		{61A5CD0F-0F53-4A47-94ED-0CB72B4BB769}.Release|x86.ActiveCfg = Release|Any CPU
		{61A5CD0F-0F53-4A47-94ED-0CB72B4BB769}.Release|x86.Build.0 = Release|Any CPU
		{5864BA7A-6A07-4F02-9BF2-B329EF8715F5}.Debug|Any CPU.ActiveCfg = Debug|Any CPU
		{5864BA7A-6A07-4F02-9BF2-B329EF8715F5}.Debug|Any CPU.Build.0 = Debug|Any CPU
		{5864BA7A-6A07-4F02-9BF2-B329EF8715F5}.Debug|x64.ActiveCfg = Debug|Any CPU
		{5864BA7A-6A07-4F02-9BF2-B329EF8715F5}.Debug|x64.Build.0 = Debug|Any CPU
		{5864BA7A-6A07-4F02-9BF2-B329EF8715F5}.Debug|x86.ActiveCfg = Debug|Any CPU
		{5864BA7A-6A07-4F02-9BF2-B329EF8715F5}.Debug|x86.Build.0 = Debug|Any CPU
		{5864BA7A-6A07-4F02-9BF2-B329EF8715F5}.Release|Any CPU.ActiveCfg = Release|Any CPU
		{5864BA7A-6A07-4F02-9BF2-B329EF8715F5}.Release|Any CPU.Build.0 = Release|Any CPU
		{5864BA7A-6A07-4F02-9BF2-B329EF8715F5}.Release|x64.ActiveCfg = Release|Any CPU
		{5864BA7A-6A07-4F02-9BF2-B329EF8715F5}.Release|x64.Build.0 = Release|Any CPU
		{5864BA7A-6A07-4F02-9BF2-B329EF8715F5}.Release|x86.ActiveCfg = Release|Any CPU
		{5864BA7A-6A07-4F02-9BF2-B329EF8715F5}.Release|x86.Build.0 = Release|Any CPU
	EndGlobalSection
	GlobalSection(SolutionProperties) = preSolution
		HideSolutionNode = FALSE
	EndGlobalSection
	GlobalSection(NestedProjects) = preSolution
		{61A5CD0F-0F53-4A47-94ED-0CB72B4BB769} = {827E0CD3-B72D-47B6-A68D-7590B98EB39B}
		{5864BA7A-6A07-4F02-9BF2-B329EF8715F5} = {827E0CD3-B72D-47B6-A68D-7590B98EB39B}
	EndGlobalSection
EndGlobal
